// !$*UTF8*$!
{
	archiveVersion = 1;
	classes = {
	};
	objectVersion = 50;
	objects = {

/* Begin PBXBuildFile section */
		0434B77926B4157100AC81EF /* CoreDataMVVMTests.swift in Sources */ = {isa = PBXBuildFile; fileRef = 0434B77826B4157100AC81EF /* CoreDataMVVMTests.swift */; };
		048C29B026B02D970042C171 /* CoreDataMVVMApp.swift in Sources */ = {isa = PBXBuildFile; fileRef = 048C29AF26B02D970042C171 /* CoreDataMVVMApp.swift */; };
		048C29B226B02D970042C171 /* ContentView.swift in Sources */ = {isa = PBXBuildFile; fileRef = 048C29B126B02D970042C171 /* ContentView.swift */; };
		048C29B426B02D990042C171 /* Assets.xcassets in Resources */ = {isa = PBXBuildFile; fileRef = 048C29B326B02D990042C171 /* Assets.xcassets */; };
		048C29B726B02D990042C171 /* Preview Assets.xcassets in Resources */ = {isa = PBXBuildFile; fileRef = 048C29B626B02D990042C171 /* Preview Assets.xcassets */; };
		048C29C026B033040042C171 /* CoreDataManager.swift in Sources */ = {isa = PBXBuildFile; fileRef = 048C29BF26B033040042C171 /* CoreDataManager.swift */; };
		048C29C426B0343F0042C171 /* ItemDataModel.xcdatamodeld in Sources */ = {isa = PBXBuildFile; fileRef = 048C29C226B0343F0042C171 /* ItemDataModel.xcdatamodeld */; };
		048C29C826B036CA0042C171 /* ItemListViewModel.swift in Sources */ = {isa = PBXBuildFile; fileRef = 048C29C726B036CA0042C171 /* ItemListViewModel.swift */; };
/* End PBXBuildFile section */

/* Begin PBXContainerItemProxy section */
		0434B77B26B4157100AC81EF /* PBXContainerItemProxy */ = {
			isa = PBXContainerItemProxy;
			containerPortal = 048C29A426B02D970042C171 /* Project object */;
			proxyType = 1;
			remoteGlobalIDString = 048C29AB26B02D970042C171;
			remoteInfo = CoreDataMVVM;
		};
/* End PBXContainerItemProxy section */

/* Begin PBXFileReference section */
		0434B77626B4157100AC81EF /* CoreDataMVVMTests.xctest */ = {isa = PBXFileReference; explicitFileType = wrapper.cfbundle; includeInIndex = 0; path = CoreDataMVVMTests.xctest; sourceTree = BUILT_PRODUCTS_DIR; };
		0434B77826B4157100AC81EF /* CoreDataMVVMTests.swift */ = {isa = PBXFileReference; lastKnownFileType = sourcecode.swift; path = CoreDataMVVMTests.swift; sourceTree = "<group>"; };
		0434B77A26B4157100AC81EF /* Info.plist */ = {isa = PBXFileReference; lastKnownFileType = text.plist.xml; path = Info.plist; sourceTree = "<group>"; };
		048C29AC26B02D970042C171 /* CoreDataMVVM.app */ = {isa = PBXFileReference; explicitFileType = wrapper.application; includeInIndex = 0; path = CoreDataMVVM.app; sourceTree = BUILT_PRODUCTS_DIR; };
		048C29AF26B02D970042C171 /* CoreDataMVVMApp.swift */ = {isa = PBXFileReference; lastKnownFileType = sourcecode.swift; path = CoreDataMVVMApp.swift; sourceTree = "<group>"; };
		048C29B126B02D970042C171 /* ContentView.swift */ = {isa = PBXFileReference; lastKnownFileType = sourcecode.swift; path = ContentView.swift; sourceTree = "<group>"; };
		048C29B326B02D990042C171 /* Assets.xcassets */ = {isa = PBXFileReference; lastKnownFileType = folder.assetcatalog; path = Assets.xcassets; sourceTree = "<group>"; };
		048C29B626B02D990042C171 /* Preview Assets.xcassets */ = {isa = PBXFileReference; lastKnownFileType = folder.assetcatalog; path = "Preview Assets.xcassets"; sourceTree = "<group>"; };
		048C29B826B02D990042C171 /* Info.plist */ = {isa = PBXFileReference; lastKnownFileType = text.plist.xml; path = Info.plist; sourceTree = "<group>"; };
		048C29BF26B033040042C171 /* CoreDataManager.swift */ = {isa = PBXFileReference; lastKnownFileType = sourcecode.swift; path = CoreDataManager.swift; sourceTree = "<group>"; };
		048C29C326B0343F0042C171 /* ItemDataModel.xcdatamodel */ = {isa = PBXFileReference; lastKnownFileType = wrapper.xcdatamodel; path = ItemDataModel.xcdatamodel; sourceTree = "<group>"; };
		048C29C726B036CA0042C171 /* ItemListViewModel.swift */ = {isa = PBXFileReference; lastKnownFileType = sourcecode.swift; path = ItemListViewModel.swift; sourceTree = "<group>"; };
/* End PBXFileReference section */

/* Begin PBXFrameworksBuildPhase section */
		0434B77326B4157100AC81EF /* Frameworks */ = {
			isa = PBXFrameworksBuildPhase;
			buildActionMask = 2147483647;
			files = (
			);
			runOnlyForDeploymentPostprocessing = 0;
		};
		048C29A926B02D970042C171 /* Frameworks */ = {
			isa = PBXFrameworksBuildPhase;
			buildActionMask = 2147483647;
			files = (
			);
			runOnlyForDeploymentPostprocessing = 0;
		};
/* End PBXFrameworksBuildPhase section */

/* Begin PBXGroup section */
		0434B77726B4157100AC81EF /* CoreDataMVVMTests */ = {
			isa = PBXGroup;
			children = (
				0434B77826B4157100AC81EF /* CoreDataMVVMTests.swift */,
				0434B77A26B4157100AC81EF /* Info.plist */,
			);
			path = CoreDataMVVMTests;
			sourceTree = "<group>";
		};
		048C29A326B02D970042C171 = {
			isa = PBXGroup;
			children = (
				048C29AE26B02D970042C171 /* CoreDataMVVM */,
				0434B77726B4157100AC81EF /* CoreDataMVVMTests */,
				048C29AD26B02D970042C171 /* Products */,
			);
			sourceTree = "<group>";
		};
		048C29AD26B02D970042C171 /* Products */ = {
			isa = PBXGroup;
			children = (
				048C29AC26B02D970042C171 /* CoreDataMVVM.app */,
				0434B77626B4157100AC81EF /* CoreDataMVVMTests.xctest */,
			);
			name = Products;
			sourceTree = "<group>";
		};
		048C29AE26B02D970042C171 /* CoreDataMVVM */ = {
			isa = PBXGroup;
			children = (
				048C29C626B0369B0042C171 /* View Models */,
				048C29AF26B02D970042C171 /* CoreDataMVVMApp.swift */,
				048C29B126B02D970042C171 /* ContentView.swift */,
				048C29BF26B033040042C171 /* CoreDataManager.swift */,
				048C29C226B0343F0042C171 /* ItemDataModel.xcdatamodeld */,
				048C29B326B02D990042C171 /* Assets.xcassets */,
				048C29B826B02D990042C171 /* Info.plist */,
				048C29B526B02D990042C171 /* Preview Content */,
			);
			path = CoreDataMVVM;
			sourceTree = "<group>";
		};
		048C29B526B02D990042C171 /* Preview Content */ = {
			isa = PBXGroup;
			children = (
				048C29B626B02D990042C171 /* Preview Assets.xcassets */,
			);
			path = "Preview Content";
			sourceTree = "<group>";
		};
		048C29C626B0369B0042C171 /* View Models */ = {
			isa = PBXGroup;
			children = (
				048C29C726B036CA0042C171 /* ItemListViewModel.swift */,
			);
			path = "View Models";
			sourceTree = "<group>";
		};
/* End PBXGroup section */

/* Begin PBXNativeTarget section */
		0434B77526B4157100AC81EF /* CoreDataMVVMTests */ = {
			isa = PBXNativeTarget;
			buildConfigurationList = 0434B77F26B4157100AC81EF /* Build configuration list for PBXNativeTarget "CoreDataMVVMTests" */;
			buildPhases = (
				0434B77226B4157100AC81EF /* Sources */,
				0434B77326B4157100AC81EF /* Frameworks */,
				0434B77426B4157100AC81EF /* Resources */,
			);
			buildRules = (
			);
			dependencies = (
				0434B77C26B4157100AC81EF /* PBXTargetDependency */,
			);
			name = CoreDataMVVMTests;
			productName = CoreDataMVVMTests;
			productReference = 0434B77626B4157100AC81EF /* CoreDataMVVMTests.xctest */;
			productType = "com.apple.product-type.bundle.unit-test";
		};
		048C29AB26B02D970042C171 /* CoreDataMVVM */ = {
			isa = PBXNativeTarget;
			buildConfigurationList = 048C29BB26B02D990042C171 /* Build configuration list for PBXNativeTarget "CoreDataMVVM" */;
			buildPhases = (
				048C29A826B02D970042C171 /* Sources */,
				048C29A926B02D970042C171 /* Frameworks */,
				048C29AA26B02D970042C171 /* Resources */,
			);
			buildRules = (
			);
			dependencies = (
			);
			name = CoreDataMVVM;
			productName = CoreDataMVVM;
			productReference = 048C29AC26B02D970042C171 /* CoreDataMVVM.app */;
			productType = "com.apple.product-type.application";
		};
/* End PBXNativeTarget section */

/* Begin PBXProject section */
		048C29A426B02D970042C171 /* Project object */ = {
			isa = PBXProject;
			attributes = {
				LastSwiftUpdateCheck = 1240;
				LastUpgradeCheck = 1240;
				TargetAttributes = {
					0434B77526B4157100AC81EF = {
						CreatedOnToolsVersion = 12.4;
						TestTargetID = 048C29AB26B02D970042C171;
					};
					048C29AB26B02D970042C171 = {
						CreatedOnToolsVersion = 12.4;
					};
				};
			};
			buildConfigurationList = 048C29A726B02D970042C171 /* Build configuration list for PBXProject "CoreDataMVVM" */;
			compatibilityVersion = "Xcode 9.3";
			developmentRegion = en;
			hasScannedForEncodings = 0;
			knownRegions = (
				en,
				Base,
			);
			mainGroup = 048C29A326B02D970042C171;
			productRefGroup = 048C29AD26B02D970042C171 /* Products */;
			projectDirPath = "";
			projectRoot = "";
			targets = (
				048C29AB26B02D970042C171 /* CoreDataMVVM */,
				0434B77526B4157100AC81EF /* CoreDataMVVMTests */,
			);
		};
/* End PBXProject section */

/* Begin PBXResourcesBuildPhase section */
		0434B77426B4157100AC81EF /* Resources */ = {
			isa = PBXResourcesBuildPhase;
			buildActionMask = 2147483647;
			files = (
			);
			runOnlyForDeploymentPostprocessing = 0;
		};
		048C29AA26B02D970042C171 /* Resources */ = {
			isa = PBXResourcesBuildPhase;
			buildActionMask = 2147483647;
			files = (
				048C29B726B02D990042C171 /* Preview Assets.xcassets in Resources */,
				048C29B426B02D990042C171 /* Assets.xcassets in Resources */,
			);
			runOnlyForDeploymentPostprocessing = 0;
		};
/* End PBXResourcesBuildPhase section */

/* Begin PBXSourcesBuildPhase section */
		0434B77226B4157100AC81EF /* Sources */ = {
			isa = PBXSourcesBuildPhase;
			buildActionMask = 2147483647;
			files = (
				0434B77926B4157100AC81EF /* CoreDataMVVMTests.swift in Sources */,
			);
			runOnlyForDeploymentPostprocessing = 0;
		};
		048C29A826B02D970042C171 /* Sources */ = {
			isa = PBXSourcesBuildPhase;
			buildActionMask = 2147483647;
			files = (
				048C29C426B0343F0042C171 /* ItemDataModel.xcdatamodeld in Sources */,
				048C29C026B033040042C171 /* CoreDataManager.swift in Sources */,
				048C29C826B036CA0042C171 /* ItemListViewModel.swift in Sources */,
				048C29B226B02D970042C171 /* ContentView.swift in Sources */,
				048C29B026B02D970042C171 /* CoreDataMVVMApp.swift in Sources */,
			);
			runOnlyForDeploymentPostprocessing = 0;
		};
/* End PBXSourcesBuildPhase section */

/* Begin PBXTargetDependency section */
		0434B77C26B4157100AC81EF /* PBXTargetDependency */ = {
			isa = PBXTargetDependency;
			target = 048C29AB26B02D970042C171 /* CoreDataMVVM */;
			targetProxy = 0434B77B26B4157100AC81EF /* PBXContainerItemProxy */;
		};
/* End PBXTargetDependency section */

/* Begin XCBuildConfiguration section */
		0434B77D26B4157100AC81EF /* Debug */ = {
			isa = XCBuildConfiguration;
			buildSettings = {
				BUNDLE_LOADER = "$(TEST_HOST)";
				CODE_SIGN_STYLE = Automatic;
				INFOPLIST_FILE = CoreDataMVVMTests/Info.plist;
				LD_RUNPATH_SEARCH_PATHS = (
					"$(inherited)",
					"@executable_path/Frameworks",
					"@loader_path/Frameworks",
				);
				PRODUCT_BUNDLE_IDENTIFIER = com.test.CoreDataMVVMTests;
				PRODUCT_NAME = "$(TARGET_NAME)";
				SWIFT_VERSION = 5.0;
				TARGETED_DEVICE_FAMILY = "1,2";
				TEST_HOST = "$(BUILT_PRODUCTS_DIR)/CoreDataMVVM.app/CoreDataMVVM";
			};
			name = Debug;
		};
		0434B77E26B4157100AC81EF /* Release */ = {
			isa = XCBuildConfiguration;
			buildSettings = {
				BUNDLE_LOADER = "$(TEST_HOST)";
				CODE_SIGN_STYLE = Automatic;
				INFOPLIST_FILE = CoreDataMVVMTests/Info.plist;
				LD_RUNPATH_SEARCH_PATHS = (
					"$(inherited)",
					"@executable_path/Frameworks",
					"@loader_path/Frameworks",
				);
				PRODUCT_BUNDLE_IDENTIFIER = com.test.CoreDataMVVMTests;
				PRODUCT_NAME = "$(TARGET_NAME)";
				SWIFT_VERSION = 5.0;
				TARGETED_DEVICE_FAMILY = "1,2";
				TEST_HOST = "$(BUILT_PRODUCTS_DIR)/CoreDataMVVM.app/CoreDataMVVM";
			};
			name = Release;
		};
		048C29B926B02D990042C171 /* Debug */ = {
			isa = XCBuildConfiguration;
			buildSettings = {
				ALWAYS_SEARCH_USER_PATHS = NO;
				CLANG_ANALYZER_NONNULL = YES;
				CLANG_ANALYZER_NUMBER_OBJECT_CONVERSION = YES_AGGRESSIVE;
				CLANG_CXX_LANGUAGE_STANDARD = "gnu++14";
				CLANG_CXX_LIBRARY = "libc++";
				CLANG_ENABLE_MODULES = YES;
				CLANG_ENABLE_OBJC_ARC = YES;
				CLANG_ENABLE_OBJC_WEAK = YES;
				CLANG_WARN_BLOCK_CAPTURE_AUTORELEASING = YES;
				CLANG_WARN_BOOL_CONVERSION = YES;
				CLANG_WARN_COMMA = YES;
				CLANG_WARN_CONSTANT_CONVERSION = YES;
				CLANG_WARN_DEPRECATED_OBJC_IMPLEMENTATIONS = YES;
				CLANG_WARN_DIRECT_OBJC_ISA_USAGE = YES_ERROR;
				CLANG_WARN_DOCUMENTATION_COMMENTS = YES;
				CLANG_WARN_EMPTY_BODY = YES;
				CLANG_WARN_ENUM_CONVERSION = YES;
				CLANG_WARN_INFINITE_RECURSION = YES;
				CLANG_WARN_INT_CONVERSION = YES;
				CLANG_WARN_NON_LITERAL_NULL_CONVERSION = YES;
				CLANG_WARN_OBJC_IMPLICIT_RETAIN_SELF = YES;
				CLANG_WARN_OBJC_LITERAL_CONVERSION = YES;
				CLANG_WARN_OBJC_ROOT_CLASS = YES_ERROR;
				CLANG_WARN_QUOTED_INCLUDE_IN_FRAMEWORK_HEADER = YES;
				CLANG_WARN_RANGE_LOOP_ANALYSIS = YES;
				CLANG_WARN_STRICT_PROTOTYPES = YES;
				CLANG_WARN_SUSPICIOUS_MOVE = YES;
				CLANG_WARN_UNGUARDED_AVAILABILITY = YES_AGGRESSIVE;
				CLANG_WARN_UNREACHABLE_CODE = YES;
				CLANG_WARN__DUPLICATE_METHOD_MATCH = YES;
				COPY_PHASE_STRIP = NO;
				DEBUG_INFORMATION_FORMAT = dwarf;
				ENABLE_STRICT_OBJC_MSGSEND = YES;
				ENABLE_TESTABILITY = YES;
				GCC_C_LANGUAGE_STANDARD = gnu11;
				GCC_DYNAMIC_NO_PIC = NO;
				GCC_NO_COMMON_BLOCKS = YES;
				GCC_OPTIMIZATION_LEVEL = 0;
				GCC_PREPROCESSOR_DEFINITIONS = (
					"DEBUG=1",
					"$(inherited)",
				);
				GCC_WARN_64_TO_32_BIT_CONVERSION = YES;
				GCC_WARN_ABOUT_RETURN_TYPE = YES_ERROR;
				GCC_WARN_UNDECLARED_SELECTOR = YES;
				GCC_WARN_UNINITIALIZED_AUTOS = YES_AGGRESSIVE;
				GCC_WARN_UNUSED_FUNCTION = YES;
				GCC_WARN_UNUSED_VARIABLE = YES;
				IPHONEOS_DEPLOYMENT_TARGET = 14.4;
				MTL_ENABLE_DEBUG_INFO = INCLUDE_SOURCE;
				MTL_FAST_MATH = YES;
				ONLY_ACTIVE_ARCH = YES;
				SDKROOT = iphoneos;
				SWIFT_ACTIVE_COMPILATION_CONDITIONS = DEBUG;
				SWIFT_OPTIMIZATION_LEVEL = "-Onone";
			};
			name = Debug;
		};
		048C29BA26B02D990042C171 /* Release */ = {
			isa = XCBuildConfiguration;
			buildSettings = {
				ALWAYS_SEARCH_USER_PATHS = NO;
				CLANG_ANALYZER_NONNULL = YES;
				CLANG_ANALYZER_NUMBER_OBJECT_CONVERSION = YES_AGGRESSIVE;
				CLANG_CXX_LANGUAGE_STANDARD = "gnu++14";
				CLANG_CXX_LIBRARY = "libc++";
				CLANG_ENABLE_MODULES = YES;
				CLANG_ENABLE_OBJC_ARC = YES;
				CLANG_ENABLE_OBJC_WEAK = YES;
				CLANG_WARN_BLOCK_CAPTURE_AUTORELEASING = YES;
				CLANG_WARN_BOOL_CONVERSION = YES;
				CLANG_WARN_COMMA = YES;
				CLANG_WARN_CONSTANT_CONVERSION = YES;
				CLANG_WARN_DEPRECATED_OBJC_IMPLEMENTATIONS = YES;
				CLANG_WARN_DIRECT_OBJC_ISA_USAGE = YES_ERROR;
				CLANG_WARN_DOCUMENTATION_COMMENTS = YES;
				CLANG_WARN_EMPTY_BODY = YES;
				CLANG_WARN_ENUM_CONVERSION = YES;
				CLANG_WARN_INFINITE_RECURSION = YES;
				CLANG_WARN_INT_CONVERSION = YES;
				CLANG_WARN_NON_LITERAL_NULL_CONVERSION = YES;
				CLANG_WARN_OBJC_IMPLICIT_RETAIN_SELF = YES;
				CLANG_WARN_OBJC_LITERAL_CONVERSION = YES;
				CLANG_WARN_OBJC_ROOT_CLASS = YES_ERROR;
				CLANG_WARN_QUOTED_INCLUDE_IN_FRAMEWORK_HEADER = YES;
				CLANG_WARN_RANGE_LOOP_ANALYSIS = YES;
				CLANG_WARN_STRICT_PROTOTYPES = YES;
				CLANG_WARN_SUSPICIOUS_MOVE = YES;
				CLANG_WARN_UNGUARDED_AVAILABILITY = YES_AGGRESSIVE;
				CLANG_WARN_UNREACHABLE_CODE = YES;
				CLANG_WARN__DUPLICATE_METHOD_MATCH = YES;
				COPY_PHASE_STRIP = NO;
				DEBUG_INFORMATION_FORMAT = "dwarf-with-dsym";
				ENABLE_NS_ASSERTIONS = NO;
				ENABLE_STRICT_OBJC_MSGSEND = YES;
				GCC_C_LANGUAGE_STANDARD = gnu11;
				GCC_NO_COMMON_BLOCKS = YES;
				GCC_WARN_64_TO_32_BIT_CONVERSION = YES;
				GCC_WARN_ABOUT_RETURN_TYPE = YES_ERROR;
				GCC_WARN_UNDECLARED_SELECTOR = YES;
				GCC_WARN_UNINITIALIZED_AUTOS = YES_AGGRESSIVE;
				GCC_WARN_UNUSED_FUNCTION = YES;
				GCC_WARN_UNUSED_VARIABLE = YES;
				IPHONEOS_DEPLOYMENT_TARGET = 14.4;
				MTL_ENABLE_DEBUG_INFO = NO;
				MTL_FAST_MATH = YES;
				SDKROOT = iphoneos;
				SWIFT_COMPILATION_MODE = wholemodule;
				SWIFT_OPTIMIZATION_LEVEL = "-O";
				VALIDATE_PRODUCT = YES;
			};
			name = Release;
		};
		048C29BC26B02D990042C171 /* Debug */ = {
			isa = XCBuildConfiguration;
			buildSettings = {
				ASSETCATALOG_COMPILER_APPICON_NAME = AppIcon;
				ASSETCATALOG_COMPILER_GLOBAL_ACCENT_COLOR_NAME = AccentColor;
				CODE_SIGN_STYLE = Automatic;
				DEVELOPMENT_ASSET_PATHS = "\"CoreDataMVVM/Preview Content\"";
				ENABLE_PREVIEWS = YES;
				INFOPLIST_FILE = CoreDataMVVM/Info.plist;
				IPHONEOS_DEPLOYMENT_TARGET = 14.0;
				LD_RUNPATH_SEARCH_PATHS = (
					"$(inherited)",
					"@executable_path/Frameworks",
				);
				PRODUCT_BUNDLE_IDENTIFIER = com.test.CoreDataMVVM;
				PRODUCT_NAME = "$(TARGET_NAME)";
				SWIFT_VERSION = 5.0;
				TARGETED_DEVICE_FAMILY = "1,2";
			};
			name = Debug;
		};
		048C29BD26B02D990042C171 /* Release */ = {
			isa = XCBuildConfiguration;
			buildSettings = {
				ASSETCATALOG_COMPILER_APPICON_NAME = AppIcon;
				ASSETCATALOG_COMPILER_GLOBAL_ACCENT_COLOR_NAME = AccentColor;
				CODE_SIGN_STYLE = Automatic;
				DEVELOPMENT_ASSET_PATHS = "\"CoreDataMVVM/Preview Content\"";
				ENABLE_PREVIEWS = YES;
				INFOPLIST_FILE = CoreDataMVVM/Info.plist;
				IPHONEOS_DEPLOYMENT_TARGET = 14.0;
				LD_RUNPATH_SEARCH_PATHS = (
					"$(inherited)",
					"@executable_path/Frameworks",
				);
				PRODUCT_BUNDLE_IDENTIFIER = com.test.CoreDataMVVM;
				PRODUCT_NAME = "$(TARGET_NAME)";
				SWIFT_VERSION = 5.0;
				TARGETED_DEVICE_FAMILY = "1,2";
			};
			name = Release;
		};
/* End XCBuildConfiguration section */

/* Begin XCConfigurationList section */
		0434B77F26B4157100AC81EF /* Build configuration list for PBXNativeTarget "CoreDataMVVMTests" */ = {
			isa = XCConfigurationList;
			buildConfigurations = (
				0434B77D26B4157100AC81EF /* Debug */,
				0434B77E26B4157100AC81EF /* Release */,
			);
			defaultConfigurationIsVisible = 0;
			defaultConfigurationName = Release;
		};
		048C29A726B02D970042C171 /* Build configuration list for PBXProject "CoreDataMVVM" */ = {
			isa = XCConfigurationList;
			buildConfigurations = (
				048C29B926B02D990042C171 /* Debug */,
				048C29BA26B02D990042C171 /* Release */,
			);
			defaultConfigurationIsVisible = 0;
			defaultConfigurationName = Release;
		};
		048C29BB26B02D990042C171 /* Build configuration list for PBXNativeTarget "CoreDataMVVM" */ = {
			isa = XCConfigurationList;
			buildConfigurations = (
				048C29BC26B02D990042C171 /* Debug */,
				048C29BD26B02D990042C171 /* Release */,
			);
			defaultConfigurationIsVisible = 0;
			defaultConfigurationName = Release;
		};
/* End XCConfigurationList section */

/* Begin XCVersionGroup section */
		048C29C226B0343F0042C171 /* ItemDataModel.xcdatamodeld */ = {
			isa = XCVersionGroup;
			children = (
				048C29C326B0343F0042C171 /* ItemDataModel.xcdatamodel */,
			);
			currentVersion = 048C29C326B0343F0042C171 /* ItemDataModel.xcdatamodel */;
			path = ItemDataModel.xcdatamodeld;
			sourceTree = "<group>";
			versionGroupType = wrapper.xcdatamodel;
		};
/* End XCVersionGroup section */
	};
	rootObject = 048C29A426B02D970042C171 /* Project object */;
}
